{
    "name": "@netsu/js-utils",
    "version": "1.2.3",
    "lockfileVersion": 2,
    "requires": true,
    "packages": {
        "": {
            "name": "@netsu/js-utils",
            "version": "1.2.3",
            "license": "MIT",
            "dependencies": {
                "dayjs": "^1.11.12"
            },
            "devDependencies": {
                "typescript": "^4.9.5"
            }
        },
        "node_modules/dayjs": {
            "version": "1.11.12",
            "resolved": "https://registry.npmjs.org/dayjs/-/dayjs-1.11.12.tgz",
            "integrity": "sha512-Rt2g+nTbLlDWZTwwrIXjy9MeiZmSDI375FvZs72ngxx8PDC6YXOeR3q5LAuPzjZQxhiWdRKac7RKV+YyQYfYIg=="
        },
        "node_modules/typescript": {
            "version": "4.9.5",
            "resolved": "https://registry.npmjs.org/typescript/-/typescript-4.9.5.tgz",
            "integrity": "sha512-1FXk9E2Hm+QzZQ7z+McJiHL4NW1F2EzMu9Nq9i3zAaGqibafqYwCVU6WyWAuyQRRzOlxou8xZSyXLEN8oKj24g==",
            "dev": true,
            "bin": {
                "tsc": "bin/tsc",
                "tsserver": "bin/tsserver"
            },
            "engines": {
                "node": ">=4.2.0"
            }
        }
    },
    "dependencies": {
        "dayjs": {
            "version": "1.11.12",
            "resolved": "https://registry.npmjs.org/dayjs/-/dayjs-1.11.12.tgz",
            "integrity": "sha512-Rt2g+nTbLlDWZTwwrIXjy9MeiZmSDI375FvZs72ngxx8PDC6YXOeR3q5LAuPzjZQxhiWdRKac7RKV+YyQYfYIg=="
        },
        "typescript": {
            "version": "4.9.5",
            "resolved": "https://registry.npmjs.org/typescript/-/typescript-4.9.5.tgz",
            "integrity": "sha512-1FXk9E2Hm+QzZQ7z+McJiHL4NW1F2EzMu9Nq9i3zAaGqibafqYwCVU6WyWAuyQRRzOlxou8xZSyXLEN8oKj24g==",
            "dev": true
        }
    }
}
